# THIS IS AN AUTOGENERATED FILE. DO NOT EDIT THIS FILE DIRECTLY.
# yarn lockfile v1


"@babel/runtime@^7.0.0":
  version "7.17.8"
  resolved "https://registry.yarnpkg.com/@babel/runtime/-/runtime-7.17.8.tgz#3e56e4aff81befa55ac3ac6a0967349fd1c5bca2"
  integrity sha512-dQpEpK0O9o6lj6oPu0gRDbbnk+4LeHlNcBpspf6Olzt3GIX4P1lWF1gS+pHLDFlaJvbR6q7jCfQ08zA4QJBnmA==
  dependencies:
    regenerator-runtime "^0.13.4"

"@types/prop-types@*":
  version "15.7.4"
  resolved "https://registry.yarnpkg.com/@types/prop-types/-/prop-types-15.7.4.tgz#fcf7205c25dff795ee79af1e30da2c9790808f11"
  integrity sha512-rZ5drC/jWjrArrS8BR6SIr4cWpW09RNTYt9AMZo3Jwwif+iacXAqgVjm0B0Bv/S1jhDXKHqRVNCbACkJ89RAnQ==

"@types/react-window@^1.8.5":
  version "1.8.5"
  resolved "https://registry.yarnpkg.com/@types/react-window/-/react-window-1.8.5.tgz#285fcc5cea703eef78d90f499e1457e9b5c02fc1"
  integrity sha512-V9q3CvhC9Jk9bWBOysPGaWy/Z0lxYcTXLtLipkt2cnRj1JOSFNF7wqGpkScSXMgBwC+fnVRg/7shwgddBG5ICw==
  dependencies:
    "@types/react" "*"

"@types/react@*":
  version "17.0.43"
  resolved "https://registry.yarnpkg.com/@types/react/-/react-17.0.43.tgz#4adc142887dd4a2601ce730bc56c3436fdb07a55"
  integrity sha512-8Q+LNpdxf057brvPu1lMtC5Vn7J119xrP1aq4qiaefNioQUYANF/CYeK4NsKorSZyUGJ66g0IM+4bbjwx45o2A==
  dependencies:
    "@types/prop-types" "*"
    "@types/scheduler" "*"
    csstype "^3.0.2"

"@types/scheduler@*":
  version "0.16.2"
  resolved "https://registry.yarnpkg.com/@types/scheduler/-/scheduler-0.16.2.tgz#1a62f89525723dde24ba1b01b092bf5df8ad4d39"
  integrity sha512-hppQEBDmlwhFAXKJX2KnWLYu5yMfi91yazPb2l+lbJiwW+wdo1gNeRA+3RgNSO39WYX2euey41KEwnqesU2Jew==

csstype@^3.0.2:
  version "3.0.11"
  resolved "https://registry.yarnpkg.com/csstype/-/csstype-3.0.11.tgz#d66700c5eacfac1940deb4e3ee5642792d85cd33"
  integrity sha512-sa6P2wJ+CAbgyy4KFssIb/JNMLxFvKF1pCYCSXS8ZMuqZnMsrxqI2E5sPyoTpxoPU/gVZMzr2zjOfg8GIZOMsw==

date-fns@^2.28.0:
  version "2.28.0"
  resolved "https://registry.yarnpkg.com/date-fns/-/date-fns-2.28.0.tgz#9570d656f5fc13143e50c975a3b6bbeb46cd08b2"
  integrity sha512-8d35hViGYx/QH0icHYCeLmsLmMUheMmTyV9Fcm6gvNwdw31yXXH+O85sOBJ+OLnLQMKZowvpKb6FgMIQjcpvQw==

"js-tokens@^3.0.0 || ^4.0.0":
  version "4.0.0"
  resolved "https://registry.yarnpkg.com/js-tokens/-/js-tokens-4.0.0.tgz#19203fb59991df98e3a287050d4647cdeaf32499"
  integrity sha512-RdJUflcE3cUzKiMqQgsCu06FPu9UdIJO0beYbPhHN4k6apgJtifcoCtT9bcxOpYBtpD2kCM6Sbzg4CausW/PKQ==

lodash.throttle@^4.1.1:
  version "4.1.1"
  resolved "https://registry.yarnpkg.com/lodash.throttle/-/lodash.throttle-4.1.1.tgz#c23e91b710242ac70c37f1e1cda9274cc39bf2f4"
  integrity sha1-wj6RtxAkKscMN/HhzaknTMOb8vQ=

loose-envify@^1.4.0:
  version "1.4.0"
  resolved "https://registry.yarnpkg.com/loose-envify/-/loose-envify-1.4.0.tgz#71ee51fa7be4caec1a63839f7e682d8132d30caf"
  integrity sha512-lyuxPGr/Wfhrlem2CL/UcnUc1zcqKAImBDzukY7Y5F/yQiNdko6+fRLevlw1HgMySw7f611UIY408EtxRSoK3Q==
  dependencies:
    js-tokens "^3.0.0 || ^4.0.0"

"memoize-one@>=3.1.1 <6":
  version "5.2.1"
  resolved "https://registry.yarnpkg.com/memoize-one/-/memoize-one-5.2.1.tgz#8337aa3c4335581839ec01c3d594090cebe8f00e"
  integrity sha512-zYiwtZUcYyXKo/np96AGZAckk+FWWsUdJ3cHGGmld7+AhvcWmQyGCYUh1hc4Q/pkOhb65dQR/pqCyK0cOaHz4Q==

object-assign@^4.1.1:
  version "4.1.1"
  resolved "https://registry.yarnpkg.com/object-assign/-/object-assign-4.1.1.tgz#2109adc7965887cfc05cbbd442cac8bfbb360863"
  integrity sha1-IQmtx5ZYh8/AXLvUQsrIv7s2CGM=

prop-types@^15.7.2:
  version "15.8.1"
  resolved "https://registry.yarnpkg.com/prop-types/-/prop-types-15.8.1.tgz#67d87bf1a694f48435cf332c24af10214a3140b5"
  integrity sha512-oj87CgZICdulUohogVAR7AjlC0327U4el4L6eAvOqCeudMDVU0NThNaV+b9Df4dXgSP1gXMTnPdhfe/2qDH5cg==
  dependencies:
    loose-envify "^1.4.0"
    object-assign "^4.1.1"
    react-is "^16.13.1"

react-is@^16.13.1:
  version "16.13.1"
  resolved "https://registry.yarnpkg.com/react-is/-/react-is-16.13.1.tgz#789729a4dc36de2999dc156dd6c1d9c18cea56a4"
  integrity sha512-24e6ynE2H+OKt4kqsOvNd8kBpV65zoxbA4BVsEOB3ARVWQki/DHzaUoC5KuON/BiccDaCCTZBuOcfZs70kR8bQ==

react-scroll@^1.8.6:
  version "1.8.6"
  resolved "https://registry.yarnpkg.com/react-scroll/-/react-scroll-1.8.6.tgz#134a7adc61c0fa0f71b1cfcaa82e6736b6c52549"
  integrity sha512-VbbvjzLXvCjr2kiiG/lpLFim6mHpkXMdvOXQqwoSnUKyQPNmAo72r46x9C5PTLPSJq/dBd0gwrlZnnxqj5Yz1Q==
  dependencies:
    lodash.throttle "^4.1.1"
    prop-types "^15.7.2"

react-window@^1.8.6:
  version "1.8.6"
  resolved "https://registry.yarnpkg.com/react-window/-/react-window-1.8.6.tgz#d011950ac643a994118632665aad0c6382e2a112"
  integrity sha512-8VwEEYyjz6DCnGBsd+MgkD0KJ2/OXFULyDtorIiTz+QzwoP94tBoA7CnbtyXMm+cCeAUER5KJcPtWl9cpKbOBg==
  dependencies:
    "@babel/runtime" "^7.0.0"
    memoize-one ">=3.1.1 <6"

regenerator-runtime@^0.13.4:
  version "0.13.9"
  resolved "https://registry.yarnpkg.com/regenerator-runtime/-/regenerator-runtime-0.13.9.tgz#8925742a98ffd90814988d7566ad30ca3b263b52"
  integrity sha512-p3VT+cOEgxFsRRA9X4lkI1E+k2/CtnKtU4gcxyaCUreilL/vqI6CdZ3wxVUx3UOUg+gnUOQQcRI7BmSI656MYA==
